// !$*UTF8*$!
{
	archiveVersion = 1;
	classes = {
	};
	objectVersion = 46;
	objects = {

/* Begin PBXBuildFile section */
		7227B1841ED72123007BD5F9 /* Freddy.framework in Frameworks */ = {isa = PBXBuildFile; fileRef = 7227B1831ED72123007BD5F9 /* Freddy.framework */; };
		728F879B1D15BF1000D1C888 /* Localizable.strings in Resources */ = {isa = PBXBuildFile; fileRef = 728F879D1D15BF1000D1C888 /* Localizable.strings */; };
		72944AF51D299F35008CF911 /* AppDelegate.swift in Sources */ = {isa = PBXBuildFile; fileRef = 72944ADB1D299F35008CF911 /* AppDelegate.swift */; };
		72944AFB1D299F35008CF911 /* ReadingCollectionViewCell.swift in Sources */ = {isa = PBXBuildFile; fileRef = 72944AE51D299F35008CF911 /* ReadingCollectionViewCell.swift */; };
		72944AFC1D299F35008CF911 /* ReadingsView.swift in Sources */ = {isa = PBXBuildFile; fileRef = 72944AE61D299F35008CF911 /* ReadingsView.swift */; };
		72944AFD1D299F35008CF911 /* ReadingsViewController.swift in Sources */ = {isa = PBXBuildFile; fileRef = 72944AE71D299F35008CF911 /* ReadingsViewController.swift */; };
		72944AFE1D299F35008CF911 /* ReadingsViewModel.swift in Sources */ = {isa = PBXBuildFile; fileRef = 72944AE81D299F35008CF911 /* ReadingsViewModel.swift */; };
		72944B111D29A0FC008CF911 /* AtjuConfig.plist in Resources */ = {isa = PBXBuildFile; fileRef = 72944B0D1D29A0FC008CF911 /* AtjuConfig.plist */; };
		72A0446F1D2A4CA50091F935 /* PrognoseReusableView.swift in Sources */ = {isa = PBXBuildFile; fileRef = 72A0446E1D2A4CA50091F935 /* PrognoseReusableView.swift */; };
		72C6E61D1D1476D700FEDF2C /* Assets.xcassets in Resources */ = {isa = PBXBuildFile; fileRef = 72C6E61C1D1476D700FEDF2C /* Assets.xcassets */; };
		72C6E6201D1476D700FEDF2C /* LaunchScreen.storyboard in Resources */ = {isa = PBXBuildFile; fileRef = 72C6E61E1D1476D700FEDF2C /* LaunchScreen.storyboard */; };
		72DBA99A1ED9A12D0057595A /* Notification.swift in Sources */ = {isa = PBXBuildFile; fileRef = 72DBA9991ED9A12D0057595A /* Notification.swift */; };
		72DBA99C1ED9A2500057595A /* NavigationController.swift in Sources */ = {isa = PBXBuildFile; fileRef = 72DBA99B1ED9A2500057595A /* NavigationController.swift */; };
		72DBA9AB1ED9A25F0057595A /* Date.swift in Sources */ = {isa = PBXBuildFile; fileRef = 72DBA99E1ED9A25F0057595A /* Date.swift */; };
		72DBA9AC1ED9A25F0057595A /* JSON+Date.swift in Sources */ = {isa = PBXBuildFile; fileRef = 72DBA99F1ED9A25F0057595A /* JSON+Date.swift */; };
		72DBA9AD1ED9A25F0057595A /* UAirship.swift in Sources */ = {isa = PBXBuildFile; fileRef = 72DBA9A01ED9A25F0057595A /* UAirship.swift */; };
		72DBA9AE1ED9A25F0057595A /* UIColor.swift in Sources */ = {isa = PBXBuildFile; fileRef = 72DBA9A11ED9A25F0057595A /* UIColor.swift */; };
		72DBA9AF1ED9A25F0057595A /* Localize.swift in Sources */ = {isa = PBXBuildFile; fileRef = 72DBA9A31ED9A25F0057595A /* Localize.swift */; };
		72DBA9B01ED9A25F0057595A /* CollectionReusableView.swift in Sources */ = {isa = PBXBuildFile; fileRef = 72DBA9A51ED9A25F0057595A /* CollectionReusableView.swift */; };
		72DBA9B11ED9A25F0057595A /* CollectionView.swift in Sources */ = {isa = PBXBuildFile; fileRef = 72DBA9A61ED9A25F0057595A /* CollectionView.swift */; };
		72DBA9B21ED9A25F0057595A /* CollectionViewCell.swift in Sources */ = {isa = PBXBuildFile; fileRef = 72DBA9A71ED9A25F0057595A /* CollectionViewCell.swift */; };
		72DBA9B31ED9A25F0057595A /* ErrorView.swift in Sources */ = {isa = PBXBuildFile; fileRef = 72DBA9A81ED9A25F0057595A /* ErrorView.swift */; };
		72DBA9B41ED9A25F0057595A /* View.swift in Sources */ = {isa = PBXBuildFile; fileRef = 72DBA9A91ED9A25F0057595A /* View.swift */; };
		72DBA9B51ED9A25F0057595A /* ViewController.swift in Sources */ = {isa = PBXBuildFile; fileRef = 72DBA9AA1ED9A25F0057595A /* ViewController.swift */; };
		72DBA9BE1ED9A27A0057595A /* AtjuClient.swift in Sources */ = {isa = PBXBuildFile; fileRef = 72DBA9B71ED9A27A0057595A /* AtjuClient.swift */; };
		72DBA9BF1ED9A27A0057595A /* Config.swift in Sources */ = {isa = PBXBuildFile; fileRef = 72DBA9B81ED9A27A0057595A /* Config.swift */; };
		72DBA9C01ED9A27A0057595A /* Pollen.swift in Sources */ = {isa = PBXBuildFile; fileRef = 72DBA9B91ED9A27A0057595A /* Pollen.swift */; };
		72DBA9C11ED9A27A0057595A /* PollenStore.swift in Sources */ = {isa = PBXBuildFile; fileRef = 72DBA9BA1ED9A27A0057595A /* PollenStore.swift */; };
		72DBA9C21ED9A27A0057595A /* RelativeDateFormatter.swift in Sources */ = {isa = PBXBuildFile; fileRef = 72DBA9BB1ED9A27A0057595A /* RelativeDateFormatter.swift */; };
		72DBA9C31ED9A27A0057595A /* Result.swift in Sources */ = {isa = PBXBuildFile; fileRef = 72DBA9BC1ED9A27A0057595A /* Result.swift */; };
		72DBA9C41ED9A27A0057595A /* SettingsStore.swift in Sources */ = {isa = PBXBuildFile; fileRef = 72DBA9BD1ED9A27A0057595A /* SettingsStore.swift */; };
		72E723191ED9933500358F97 /* AirshipKit.framework in Frameworks */ = {isa = PBXBuildFile; fileRef = 72E723181ED9933500358F97 /* AirshipKit.framework */; };
		72E7231B1ED993F600358F97 /* AirshipConfig.plist in Resources */ = {isa = PBXBuildFile; fileRef = 72E7231A1ED993F600358F97 /* AirshipConfig.plist */; };
/* End PBXBuildFile section */

/* Begin PBXCopyFilesBuildPhase section */
		72C2B0F81D2294CC0061164D /* Embed Frameworks */ = {
			isa = PBXCopyFilesBuildPhase;
			buildActionMask = 2147483647;
			dstPath = "";
			dstSubfolderSpec = 10;
			files = (
			);
			name = "Embed Frameworks";
			runOnlyForDeploymentPostprocessing = 0;
		};
/* End PBXCopyFilesBuildPhase section */

/* Begin PBXFileReference section */
		721D11771D15C275001D5ADF /* Base */ = {isa = PBXFileReference; lastKnownFileType = text.plist.strings; name = Base; path = Base.lproj/Localizable.strings; sourceTree = "<group>"; };
		7227B1831ED72123007BD5F9 /* Freddy.framework */ = {isa = PBXFileReference; lastKnownFileType = wrapper.framework; name = Freddy.framework; path = Carthage/Build/iOS/Freddy.framework; sourceTree = SOURCE_ROOT; };
		72944ADB1D299F35008CF911 /* AppDelegate.swift */ = {isa = PBXFileReference; fileEncoding = 4; lastKnownFileType = sourcecode.swift; path = AppDelegate.swift; sourceTree = "<group>"; };
		72944AE51D299F35008CF911 /* ReadingCollectionViewCell.swift */ = {isa = PBXFileReference; fileEncoding = 4; lastKnownFileType = sourcecode.swift; path = ReadingCollectionViewCell.swift; sourceTree = "<group>"; };
		72944AE61D299F35008CF911 /* ReadingsView.swift */ = {isa = PBXFileReference; fileEncoding = 4; lastKnownFileType = sourcecode.swift; path = ReadingsView.swift; sourceTree = "<group>"; };
		72944AE71D299F35008CF911 /* ReadingsViewController.swift */ = {isa = PBXFileReference; fileEncoding = 4; lastKnownFileType = sourcecode.swift; path = ReadingsViewController.swift; sourceTree = "<group>"; };
		72944AE81D299F35008CF911 /* ReadingsViewModel.swift */ = {isa = PBXFileReference; fileEncoding = 4; lastKnownFileType = sourcecode.swift; path = ReadingsViewModel.swift; sourceTree = "<group>"; };
		72944B0D1D29A0FC008CF911 /* AtjuConfig.plist */ = {isa = PBXFileReference; fileEncoding = 4; lastKnownFileType = text.plist.xml; path = AtjuConfig.plist; sourceTree = "<group>"; };
		72A0446E1D2A4CA50091F935 /* PrognoseReusableView.swift */ = {isa = PBXFileReference; fileEncoding = 4; lastKnownFileType = sourcecode.swift; path = PrognoseReusableView.swift; sourceTree = "<group>"; };
		72C2B0FB1D2295ED0061164D /* Atju.entitlements */ = {isa = PBXFileReference; lastKnownFileType = text.xml; path = Atju.entitlements; sourceTree = "<group>"; };
		72C6E6121D1476D700FEDF2C /* Atju.app */ = {isa = PBXFileReference; explicitFileType = wrapper.application; includeInIndex = 0; path = Atju.app; sourceTree = BUILT_PRODUCTS_DIR; };
		72C6E61C1D1476D700FEDF2C /* Assets.xcassets */ = {isa = PBXFileReference; lastKnownFileType = folder.assetcatalog; path = Assets.xcassets; sourceTree = "<group>"; };
		72C6E61F1D1476D700FEDF2C /* Base */ = {isa = PBXFileReference; lastKnownFileType = file.storyboard; name = Base; path = Base.lproj/LaunchScreen.storyboard; sourceTree = "<group>"; };
		72C6E6211D1476D700FEDF2C /* Info.plist */ = {isa = PBXFileReference; lastKnownFileType = text.plist.xml; path = Info.plist; sourceTree = "<group>"; };
		72DBA9991ED9A12D0057595A /* Notification.swift */ = {isa = PBXFileReference; fileEncoding = 4; lastKnownFileType = sourcecode.swift; path = Notification.swift; sourceTree = "<group>"; };
		72DBA99B1ED9A2500057595A /* NavigationController.swift */ = {isa = PBXFileReference; fileEncoding = 4; lastKnownFileType = sourcecode.swift; path = NavigationController.swift; sourceTree = "<group>"; };
		72DBA99E1ED9A25F0057595A /* Date.swift */ = {isa = PBXFileReference; fileEncoding = 4; lastKnownFileType = sourcecode.swift; path = Date.swift; sourceTree = "<group>"; };
		72DBA99F1ED9A25F0057595A /* JSON+Date.swift */ = {isa = PBXFileReference; fileEncoding = 4; lastKnownFileType = sourcecode.swift; path = "JSON+Date.swift"; sourceTree = "<group>"; };
		72DBA9A01ED9A25F0057595A /* UAirship.swift */ = {isa = PBXFileReference; fileEncoding = 4; lastKnownFileType = sourcecode.swift; path = UAirship.swift; sourceTree = "<group>"; };
		72DBA9A11ED9A25F0057595A /* UIColor.swift */ = {isa = PBXFileReference; fileEncoding = 4; lastKnownFileType = sourcecode.swift; path = UIColor.swift; sourceTree = "<group>"; };
		72DBA9A31ED9A25F0057595A /* Localize.swift */ = {isa = PBXFileReference; fileEncoding = 4; lastKnownFileType = sourcecode.swift; path = Localize.swift; sourceTree = "<group>"; };
		72DBA9A51ED9A25F0057595A /* CollectionReusableView.swift */ = {isa = PBXFileReference; fileEncoding = 4; lastKnownFileType = sourcecode.swift; path = CollectionReusableView.swift; sourceTree = "<group>"; };
		72DBA9A61ED9A25F0057595A /* CollectionView.swift */ = {isa = PBXFileReference; fileEncoding = 4; lastKnownFileType = sourcecode.swift; path = CollectionView.swift; sourceTree = "<group>"; };
		72DBA9A71ED9A25F0057595A /* CollectionViewCell.swift */ = {isa = PBXFileReference; fileEncoding = 4; lastKnownFileType = sourcecode.swift; path = CollectionViewCell.swift; sourceTree = "<group>"; };
		72DBA9A81ED9A25F0057595A /* ErrorView.swift */ = {isa = PBXFileReference; fileEncoding = 4; lastKnownFileType = sourcecode.swift; path = ErrorView.swift; sourceTree = "<group>"; };
		72DBA9A91ED9A25F0057595A /* View.swift */ = {isa = PBXFileReference; fileEncoding = 4; lastKnownFileType = sourcecode.swift; path = View.swift; sourceTree = "<group>"; };
		72DBA9AA1ED9A25F0057595A /* ViewController.swift */ = {isa = PBXFileReference; fileEncoding = 4; lastKnownFileType = sourcecode.swift; path = ViewController.swift; sourceTree = "<group>"; };
		72DBA9B71ED9A27A0057595A /* AtjuClient.swift */ = {isa = PBXFileReference; fileEncoding = 4; lastKnownFileType = sourcecode.swift; path = AtjuClient.swift; sourceTree = "<group>"; };
		72DBA9B81ED9A27A0057595A /* Config.swift */ = {isa = PBXFileReference; fileEncoding = 4; lastKnownFileType = sourcecode.swift; path = Config.swift; sourceTree = "<group>"; };
		72DBA9B91ED9A27A0057595A /* Pollen.swift */ = {isa = PBXFileReference; fileEncoding = 4; lastKnownFileType = sourcecode.swift; path = Pollen.swift; sourceTree = "<group>"; };
		72DBA9BA1ED9A27A0057595A /* PollenStore.swift */ = {isa = PBXFileReference; fileEncoding = 4; lastKnownFileType = sourcecode.swift; path = PollenStore.swift; sourceTree = "<group>"; };
		72DBA9BB1ED9A27A0057595A /* RelativeDateFormatter.swift */ = {isa = PBXFileReference; fileEncoding = 4; lastKnownFileType = sourcecode.swift; path = RelativeDateFormatter.swift; sourceTree = "<group>"; };
		72DBA9BC1ED9A27A0057595A /* Result.swift */ = {isa = PBXFileReference; fileEncoding = 4; lastKnownFileType = sourcecode.swift; path = Result.swift; sourceTree = "<group>"; };
		72DBA9BD1ED9A27A0057595A /* SettingsStore.swift */ = {isa = PBXFileReference; fileEncoding = 4; lastKnownFileType = sourcecode.swift; path = SettingsStore.swift; sourceTree = "<group>"; };
		72E723181ED9933500358F97 /* AirshipKit.framework */ = {isa = PBXFileReference; lastKnownFileType = wrapper.framework; name = AirshipKit.framework; path = Carthage/Build/iOS/AirshipKit.framework; sourceTree = SOURCE_ROOT; };
		72E7231A1ED993F600358F97 /* AirshipConfig.plist */ = {isa = PBXFileReference; fileEncoding = 4; lastKnownFileType = text.plist.xml; path = AirshipConfig.plist; sourceTree = "<group>"; };
/* End PBXFileReference section */

/* Begin PBXFrameworksBuildPhase section */
		72C6E60F1D1476D700FEDF2C /* Frameworks */ = {
			isa = PBXFrameworksBuildPhase;
			buildActionMask = 2147483647;
			files = (
				7227B1841ED72123007BD5F9 /* Freddy.framework in Frameworks */,
				72E723191ED9933500358F97 /* AirshipKit.framework in Frameworks */,
			);
			runOnlyForDeploymentPostprocessing = 0;
		};
/* End PBXFrameworksBuildPhase section */

/* Begin PBXGroup section */
		72944AD91D299F35008CF911 /* Source */ = {
			isa = PBXGroup;
			children = (
				72944ADA1D299F35008CF911 /* Application */,
				72944AE31D299F35008CF911 /* Pages */,
				72DBA9B61ED9A27A0057595A /* Library */,
				72944AE91D299F35008CF911 /* Utilities */,
			);
			path = Source;
			sourceTree = "<group>";
		};
		72944ADA1D299F35008CF911 /* Application */ = {
			isa = PBXGroup;
			children = (
				72DBA9991ED9A12D0057595A /* Notification.swift */,
				72944ADB1D299F35008CF911 /* AppDelegate.swift */,
				72DBA99B1ED9A2500057595A /* NavigationController.swift */,
			);
			path = Application;
			sourceTree = "<group>";
		};
		72944AE31D299F35008CF911 /* Pages */ = {
			isa = PBXGroup;
			children = (
				72944AE41D299F35008CF911 /* Readings */,
			);
			path = Pages;
			sourceTree = "<group>";
		};
		72944AE41D299F35008CF911 /* Readings */ = {
			isa = PBXGroup;
			children = (
				72944AE51D299F35008CF911 /* ReadingCollectionViewCell.swift */,
				72A0446E1D2A4CA50091F935 /* PrognoseReusableView.swift */,
				72944AE81D299F35008CF911 /* ReadingsViewModel.swift */,
				72944AE61D299F35008CF911 /* ReadingsView.swift */,
				72944AE71D299F35008CF911 /* ReadingsViewController.swift */,
			);
			path = Readings;
			sourceTree = "<group>";
		};
		72944AE91D299F35008CF911 /* Utilities */ = {
			isa = PBXGroup;
			children = (
				72DBA99D1ED9A25F0057595A /* Extensions */,
				72DBA9A21ED9A25F0057595A /* Functions */,
				72DBA9A41ED9A25F0057595A /* Views */,
			);
			path = Utilities;
			sourceTree = "<group>";
		};
		72944B091D29A0FC008CF911 /* Config */ = {
			isa = PBXGroup;
			children = (
				72E7231A1ED993F600358F97 /* AirshipConfig.plist */,
				72944B0D1D29A0FC008CF911 /* AtjuConfig.plist */,
			);
			path = Config;
			sourceTree = "<group>";
		};
		72C6E6091D1476D700FEDF2C = {
			isa = PBXGroup;
			children = (
				72C6E6141D1476D700FEDF2C /* Atju */,
				72E916A01D147F54002E3043 /* Frameworks */,
				72C6E6131D1476D700FEDF2C /* Products */,
			);
			sourceTree = "<group>";
		};
		72C6E6131D1476D700FEDF2C /* Products */ = {
			isa = PBXGroup;
			children = (
				72C6E6121D1476D700FEDF2C /* Atju.app */,
			);
			name = Products;
			sourceTree = "<group>";
		};
		72C6E6141D1476D700FEDF2C /* Atju */ = {
			isa = PBXGroup;
			children = (
				72C6E61C1D1476D700FEDF2C /* Assets.xcassets */,
				72944B091D29A0FC008CF911 /* Config */,
				72944AD91D299F35008CF911 /* Source */,
				72C6E6281D1476F900FEDF2C /* User interface */,
				72C6E62A1D14770E00FEDF2C /* Supporting files */,
			);
			path = Atju;
			sourceTree = "<group>";
		};
		72C6E6281D1476F900FEDF2C /* User interface */ = {
			isa = PBXGroup;
			children = (
				72C6E61E1D1476D700FEDF2C /* LaunchScreen.storyboard */,
			);
			name = "User interface";
			sourceTree = "<group>";
		};
		72C6E62A1D14770E00FEDF2C /* Supporting files */ = {
			isa = PBXGroup;
			children = (
				72C2B0FB1D2295ED0061164D /* Atju.entitlements */,
				72C6E6211D1476D700FEDF2C /* Info.plist */,
				728F879D1D15BF1000D1C888 /* Localizable.strings */,
			);
			name = "Supporting files";
			sourceTree = "<group>";
		};
		72DBA99D1ED9A25F0057595A /* Extensions */ = {
			isa = PBXGroup;
			children = (
				72DBA99E1ED9A25F0057595A /* Date.swift */,
				72DBA99F1ED9A25F0057595A /* JSON+Date.swift */,
				72DBA9A01ED9A25F0057595A /* UAirship.swift */,
				72DBA9A11ED9A25F0057595A /* UIColor.swift */,
			);
			path = Extensions;
			sourceTree = "<group>";
		};
		72DBA9A21ED9A25F0057595A /* Functions */ = {
			isa = PBXGroup;
			children = (
				72DBA9A31ED9A25F0057595A /* Localize.swift */,
			);
			path = Functions;
			sourceTree = "<group>";
		};
		72DBA9A41ED9A25F0057595A /* Views */ = {
			isa = PBXGroup;
			children = (
				72DBA9A51ED9A25F0057595A /* CollectionReusableView.swift */,
				72DBA9A61ED9A25F0057595A /* CollectionView.swift */,
				72DBA9A71ED9A25F0057595A /* CollectionViewCell.swift */,
				72DBA9A81ED9A25F0057595A /* ErrorView.swift */,
				72DBA9A91ED9A25F0057595A /* View.swift */,
				72DBA9AA1ED9A25F0057595A /* ViewController.swift */,
			);
			path = Views;
			sourceTree = "<group>";
		};
		72DBA9B61ED9A27A0057595A /* Library */ = {
			isa = PBXGroup;
			children = (
				72DBA9B71ED9A27A0057595A /* AtjuClient.swift */,
				72DBA9B81ED9A27A0057595A /* Config.swift */,
				72DBA9B91ED9A27A0057595A /* Pollen.swift */,
				72DBA9BA1ED9A27A0057595A /* PollenStore.swift */,
				72DBA9BB1ED9A27A0057595A /* RelativeDateFormatter.swift */,
				72DBA9BC1ED9A27A0057595A /* Result.swift */,
				72DBA9BD1ED9A27A0057595A /* SettingsStore.swift */,
			);
			path = Library;
			sourceTree = "<group>";
		};
		72E916A01D147F54002E3043 /* Frameworks */ = {
			isa = PBXGroup;
			children = (
				72E723181ED9933500358F97 /* AirshipKit.framework */,
				7227B1831ED72123007BD5F9 /* Freddy.framework */,
			);
			name = Frameworks;
			path = Atju;
			sourceTree = "<group>";
		};
/* End PBXGroup section */

/* Begin PBXNativeTarget section */
		72C6E6111D1476D700FEDF2C /* Atju */ = {
			isa = PBXNativeTarget;
			buildConfigurationList = 72C6E6241D1476D700FEDF2C /* Build configuration list for PBXNativeTarget "Atju" */;
			buildPhases = (
				72C6E60E1D1476D700FEDF2C /* Sources */,
				72C6E60F1D1476D700FEDF2C /* Frameworks */,
				72C6E6101D1476D700FEDF2C /* Resources */,
				72E9169F1D147F30002E3043 /* Carthage */,
				72C2B0F81D2294CC0061164D /* Embed Frameworks */,
			);
			buildRules = (
			);
			dependencies = (
			);
			name = Atju;
			productName = Atju;
			productReference = 72C6E6121D1476D700FEDF2C /* Atju.app */;
			productType = "com.apple.product-type.application";
		};
/* End PBXNativeTarget section */

/* Begin PBXProject section */
		72C6E60A1D1476D700FEDF2C /* Project object */ = {
			isa = PBXProject;
			attributes = {
				LastSwiftUpdateCheck = 0730;
				LastUpgradeCheck = 0830;
				ORGANIZATIONNAME = SimonBS;
				TargetAttributes = {
					72C6E6111D1476D700FEDF2C = {
						CreatedOnToolsVersion = 7.3;
						DevelopmentTeam = 8NQFWJHC63;
						DevelopmentTeamName = "Simon Stovring";
						LastSwiftMigration = 0800;
						SystemCapabilities = {
							com.apple.Push = {
								enabled = 1;
							};
						};
					};
				};
			};
			buildConfigurationList = 72C6E60D1D1476D700FEDF2C /* Build configuration list for PBXProject "Atju" */;
			compatibilityVersion = "Xcode 3.2";
			developmentRegion = Danish;
			hasScannedForEncodings = 0;
			knownRegions = (
				Base,
				da,
			);
			mainGroup = 72C6E6091D1476D700FEDF2C;
			productRefGroup = 72C6E6131D1476D700FEDF2C /* Products */;
			projectDirPath = "";
			projectRoot = "";
			targets = (
				72C6E6111D1476D700FEDF2C /* Atju */,
			);
		};
/* End PBXProject section */

/* Begin PBXResourcesBuildPhase section */
		72C6E6101D1476D700FEDF2C /* Resources */ = {
			isa = PBXResourcesBuildPhase;
			buildActionMask = 2147483647;
			files = (
				72C6E6201D1476D700FEDF2C /* LaunchScreen.storyboard in Resources */,
				728F879B1D15BF1000D1C888 /* Localizable.strings in Resources */,
				72C6E61D1D1476D700FEDF2C /* Assets.xcassets in Resources */,
				72E7231B1ED993F600358F97 /* AirshipConfig.plist in Resources */,
				72944B111D29A0FC008CF911 /* AtjuConfig.plist in Resources */,
			);
			runOnlyForDeploymentPostprocessing = 0;
		};
/* End PBXResourcesBuildPhase section */

/* Begin PBXShellScriptBuildPhase section */
		72E9169F1D147F30002E3043 /* Carthage */ = {
			isa = PBXShellScriptBuildPhase;
			buildActionMask = 2147483647;
			files = (
			);
			inputPaths = (
				"$(SRCROOT)/Carthage/Build/iOS/Freddy.framework",
				"$(SRCROOT)/Carthage/Build/iOS/AirshipKit.framework",
			);
			name = Carthage;
			outputPaths = (
			);
			runOnlyForDeploymentPostprocessing = 0;
			shellPath = /bin/sh;
			shellScript = "/usr/local/bin/carthage copy-frameworks";
		};
/* End PBXShellScriptBuildPhase section */

/* Begin PBXSourcesBuildPhase section */
		72C6E60E1D1476D700FEDF2C /* Sources */ = {
			isa = PBXSourcesBuildPhase;
			buildActionMask = 2147483647;
			files = (
				72944AF51D299F35008CF911 /* AppDelegate.swift in Sources */,
				72DBA9AC1ED9A25F0057595A /* JSON+Date.swift in Sources */,
				72DBA9BE1ED9A27A0057595A /* AtjuClient.swift in Sources */,
				72944AFD1D299F35008CF911 /* ReadingsViewController.swift in Sources */,
				72DBA9C21ED9A27A0057595A /* RelativeDateFormatter.swift in Sources */,
				72DBA9B31ED9A25F0057595A /* ErrorView.swift in Sources */,
				72DBA9C31ED9A27A0057595A /* Result.swift in Sources */,
				72DBA9B41ED9A25F0057595A /* View.swift in Sources */,
				72DBA9B21ED9A25F0057595A /* CollectionViewCell.swift in Sources */,
				72DBA9B01ED9A25F0057595A /* CollectionReusableView.swift in Sources */,
				72DBA99C1ED9A2500057595A /* NavigationController.swift in Sources */,
				72DBA9B51ED9A25F0057595A /* ViewController.swift in Sources */,
				72944AFB1D299F35008CF911 /* ReadingCollectionViewCell.swift in Sources */,
				72DBA9C01ED9A27A0057595A /* Pollen.swift in Sources */,
				72A0446F1D2A4CA50091F935 /* PrognoseReusableView.swift in Sources */,
				72DBA9AE1ED9A25F0057595A /* UIColor.swift in Sources */,
				72DBA9C41ED9A27A0057595A /* SettingsStore.swift in Sources */,
				72944AFC1D299F35008CF911 /* ReadingsView.swift in Sources */,
				72DBA99A1ED9A12D0057595A /* Notification.swift in Sources */,
				72DBA9B11ED9A25F0057595A /* CollectionView.swift in Sources */,
				72DBA9AB1ED9A25F0057595A /* Date.swift in Sources */,
				72DBA9BF1ED9A27A0057595A /* Config.swift in Sources */,
				72DBA9AD1ED9A25F0057595A /* UAirship.swift in Sources */,
				72DBA9C11ED9A27A0057595A /* PollenStore.swift in Sources */,
				72DBA9AF1ED9A25F0057595A /* Localize.swift in Sources */,
				72944AFE1D299F35008CF911 /* ReadingsViewModel.swift in Sources */,
			);
			runOnlyForDeploymentPostprocessing = 0;
		};
/* End PBXSourcesBuildPhase section */

/* Begin PBXVariantGroup section */
		728F879D1D15BF1000D1C888 /* Localizable.strings */ = {
			isa = PBXVariantGroup;
			children = (
				721D11771D15C275001D5ADF /* Base */,
			);
			name = Localizable.strings;
			sourceTree = "<group>";
		};
		72C6E61E1D1476D700FEDF2C /* LaunchScreen.storyboard */ = {
			isa = PBXVariantGroup;
			children = (
				72C6E61F1D1476D700FEDF2C /* Base */,
			);
			name = LaunchScreen.storyboard;
			sourceTree = "<group>";
		};
/* End PBXVariantGroup section */

/* Begin XCBuildConfiguration section */
		72C6E6221D1476D700FEDF2C /* Debug */ = {
			isa = XCBuildConfiguration;
			buildSettings = {
				ALWAYS_SEARCH_USER_PATHS = NO;
				CLANG_ANALYZER_LOCALIZABILITY_NONLOCALIZED = YES;
				CLANG_ANALYZER_NONNULL = YES;
				CLANG_CXX_LANGUAGE_STANDARD = "gnu++0x";
				CLANG_CXX_LIBRARY = "libc++";
				CLANG_ENABLE_MODULES = YES;
				CLANG_ENABLE_OBJC_ARC = YES;
				CLANG_WARN_BOOL_CONVERSION = YES;
				CLANG_WARN_CONSTANT_CONVERSION = YES;
				CLANG_WARN_DIRECT_OBJC_ISA_USAGE = YES_ERROR;
				CLANG_WARN_EMPTY_BODY = YES;
				CLANG_WARN_ENUM_CONVERSION = YES;
				CLANG_WARN_INFINITE_RECURSION = YES;
				CLANG_WARN_INT_CONVERSION = YES;
				CLANG_WARN_OBJC_ROOT_CLASS = YES_ERROR;
				CLANG_WARN_SUSPICIOUS_MOVE = YES;
				CLANG_WARN_UNREACHABLE_CODE = YES;
				CLANG_WARN__DUPLICATE_METHOD_MATCH = YES;
				"CODE_SIGN_IDENTITY[sdk=iphoneos*]" = "iPhone Developer";
				COPY_PHASE_STRIP = NO;
				DEBUG_INFORMATION_FORMAT = dwarf;
				ENABLE_STRICT_OBJC_MSGSEND = YES;
				ENABLE_TESTABILITY = YES;
				GCC_C_LANGUAGE_STANDARD = gnu99;
				GCC_DYNAMIC_NO_PIC = NO;
				GCC_NO_COMMON_BLOCKS = YES;
				GCC_OPTIMIZATION_LEVEL = 0;
				GCC_PREPROCESSOR_DEFINITIONS = (
					"DEBUG=1",
					"$(inherited)",
				);
				GCC_WARN_64_TO_32_BIT_CONVERSION = YES;
				GCC_WARN_ABOUT_RETURN_TYPE = YES_ERROR;
				GCC_WARN_UNDECLARED_SELECTOR = YES;
				GCC_WARN_UNINITIALIZED_AUTOS = YES_AGGRESSIVE;
				GCC_WARN_UNUSED_FUNCTION = YES;
				GCC_WARN_UNUSED_VARIABLE = YES;
				IPHONEOS_DEPLOYMENT_TARGET = 9.3;
				MTL_ENABLE_DEBUG_INFO = YES;
				ONLY_ACTIVE_ARCH = YES;
				SDKROOT = iphoneos;
				SWIFT_OPTIMIZATION_LEVEL = "-Onone";
			};
			name = Debug;
		};
		72C6E6231D1476D700FEDF2C /* Release */ = {
			isa = XCBuildConfiguration;
			buildSettings = {
				ALWAYS_SEARCH_USER_PATHS = NO;
				CLANG_ANALYZER_LOCALIZABILITY_NONLOCALIZED = YES;
				CLANG_ANALYZER_NONNULL = YES;
				CLANG_CXX_LANGUAGE_STANDARD = "gnu++0x";
				CLANG_CXX_LIBRARY = "libc++";
				CLANG_ENABLE_MODULES = YES;
				CLANG_ENABLE_OBJC_ARC = YES;
				CLANG_WARN_BOOL_CONVERSION = YES;
				CLANG_WARN_CONSTANT_CONVERSION = YES;
				CLANG_WARN_DIRECT_OBJC_ISA_USAGE = YES_ERROR;
				CLANG_WARN_EMPTY_BODY = YES;
				CLANG_WARN_ENUM_CONVERSION = YES;
				CLANG_WARN_INFINITE_RECURSION = YES;
				CLANG_WARN_INT_CONVERSION = YES;
				CLANG_WARN_OBJC_ROOT_CLASS = YES_ERROR;
				CLANG_WARN_SUSPICIOUS_MOVE = YES;
				CLANG_WARN_UNREACHABLE_CODE = YES;
				CLANG_WARN__DUPLICATE_METHOD_MATCH = YES;
				"CODE_SIGN_IDENTITY[sdk=iphoneos*]" = "iPhone Developer";
				COPY_PHASE_STRIP = NO;
				DEBUG_INFORMATION_FORMAT = "dwarf-with-dsym";
				ENABLE_NS_ASSERTIONS = NO;
				ENABLE_STRICT_OBJC_MSGSEND = YES;
				GCC_C_LANGUAGE_STANDARD = gnu99;
				GCC_NO_COMMON_BLOCKS = YES;
				GCC_WARN_64_TO_32_BIT_CONVERSION = YES;
				GCC_WARN_ABOUT_RETURN_TYPE = YES_ERROR;
				GCC_WARN_UNDECLARED_SELECTOR = YES;
				GCC_WARN_UNINITIALIZED_AUTOS = YES_AGGRESSIVE;
				GCC_WARN_UNUSED_FUNCTION = YES;
				GCC_WARN_UNUSED_VARIABLE = YES;
				IPHONEOS_DEPLOYMENT_TARGET = 9.3;
				MTL_ENABLE_DEBUG_INFO = NO;
				SDKROOT = iphoneos;
				VALIDATE_PRODUCT = YES;
			};
			name = Release;
		};
		72C6E6251D1476D700FEDF2C /* Debug */ = {
			isa = XCBuildConfiguration;
			buildSettings = {
				ASSETCATALOG_COMPILER_APPICON_NAME = AppIcon;
				CODE_SIGN_ENTITLEMENTS = Atju/Atju.entitlements;
				FRAMEWORK_SEARCH_PATHS = (
					"$(inherited)",
					"$(PROJECT_DIR)/Carthage/Build/iOS",
				);
				INFOPLIST_FILE = Atju/Info.plist;
				LD_RUNPATH_SEARCH_PATHS = "$(inherited) @executable_path/Frameworks";
				LIBRARY_SEARCH_PATHS = "$(inherited)";
				PRODUCT_BUNDLE_IDENTIFIER = dk.simonbs.Atju.app;
				PRODUCT_NAME = "$(TARGET_NAME)";
				SWIFT_VERSION = 3.0;
			};
			name = Debug;
		};
		72C6E6261D1476D700FEDF2C /* Release */ = {
			isa = XCBuildConfiguration;
			buildSettings = {
				ASSETCATALOG_COMPILER_APPICON_NAME = AppIcon;
				CODE_SIGN_ENTITLEMENTS = Atju/Atju.entitlements;
				FRAMEWORK_SEARCH_PATHS = (
					"$(inherited)",
					"$(PROJECT_DIR)/Carthage/Build/iOS",
				);
				INFOPLIST_FILE = Atju/Info.plist;
				LD_RUNPATH_SEARCH_PATHS = "$(inherited) @executable_path/Frameworks";
				LIBRARY_SEARCH_PATHS = "$(inherited)";
				PRODUCT_BUNDLE_IDENTIFIER = dk.simonbs.Atju.app;
				PRODUCT_NAME = "$(TARGET_NAME)";
				SWIFT_OPTIMIZATION_LEVEL = "-Owholemodule";
				SWIFT_VERSION = 3.0;
			};
			name = Release;
		};
/* End XCBuildConfiguration section */

/* Begin XCConfigurationList section */
		72C6E60D1D1476D700FEDF2C /* Build configuration list for PBXProject "Atju" */ = {
			isa = XCConfigurationList;
			buildConfigurations = (
				72C6E6221D1476D700FEDF2C /* Debug */,
				72C6E6231D1476D700FEDF2C /* Release */,
			);
			defaultConfigurationIsVisible = 0;
			defaultConfigurationName = Release;
		};
		72C6E6241D1476D700FEDF2C /* Build configuration list for PBXNativeTarget "Atju" */ = {
			isa = XCConfigurationList;
			buildConfigurations = (
				72C6E6251D1476D700FEDF2C /* Debug */,
				72C6E6261D1476D700FEDF2C /* Release */,
			);
			defaultConfigurationIsVisible = 0;
			defaultConfigurationName = Release;
		};
/* End XCConfigurationList section */
	};
	rootObject = 72C6E60A1D1476D700FEDF2C /* Project object */;
}
