// !$*UTF8*$!
{
	archiveVersion = 1;
	classes = {
	};
	objectVersion = 46;
	objects = {

/* Begin PBXBuildFile section */
		728F879B1D15BF1000D1C888 /* Localizable.strings in Resources */ = {isa = PBXBuildFile; fileRef = 728F879D1D15BF1000D1C888 /* Localizable.strings */; };
		72944AF51D299F35008CF911 /* AppDelegate.swift in Sources */ = {isa = PBXBuildFile; fileRef = 72944ADB1D299F35008CF911 /* AppDelegate.swift */; };
		72944AF61D299F35008CF911 /* NavigationController.swift in Sources */ = {isa = PBXBuildFile; fileRef = 72944ADD1D299F35008CF911 /* NavigationController.swift */; };
		72944AF71D299F35008CF911 /* ViewController.swift in Sources */ = {isa = PBXBuildFile; fileRef = 72944ADE1D299F35008CF911 /* ViewController.swift */; };
		72944AF81D299F35008CF911 /* AtjuClient.swift in Sources */ = {isa = PBXBuildFile; fileRef = 72944AE01D299F35008CF911 /* AtjuClient.swift */; };
		72944AF91D299F35008CF911 /* Pollen.swift in Sources */ = {isa = PBXBuildFile; fileRef = 72944AE11D299F35008CF911 /* Pollen.swift */; };
		72944AFA1D299F35008CF911 /* SettingsStore.swift in Sources */ = {isa = PBXBuildFile; fileRef = 72944AE21D299F35008CF911 /* SettingsStore.swift */; };
		72944AFB1D299F35008CF911 /* ReadingCollectionViewCell.swift in Sources */ = {isa = PBXBuildFile; fileRef = 72944AE51D299F35008CF911 /* ReadingCollectionViewCell.swift */; };
		72944AFC1D299F35008CF911 /* ReadingsView.swift in Sources */ = {isa = PBXBuildFile; fileRef = 72944AE61D299F35008CF911 /* ReadingsView.swift */; };
		72944AFD1D299F35008CF911 /* ReadingsViewController.swift in Sources */ = {isa = PBXBuildFile; fileRef = 72944AE71D299F35008CF911 /* ReadingsViewController.swift */; };
		72944AFE1D299F35008CF911 /* ReadingsViewModel.swift in Sources */ = {isa = PBXBuildFile; fileRef = 72944AE81D299F35008CF911 /* ReadingsViewModel.swift */; };
		72944AFF1D299F35008CF911 /* AutoLayout.swift in Sources */ = {isa = PBXBuildFile; fileRef = 72944AEA1D299F35008CF911 /* AutoLayout.swift */; };
		72944B001D299F35008CF911 /* Date.swift in Sources */ = {isa = PBXBuildFile; fileRef = 72944AEB1D299F35008CF911 /* Date.swift */; };
		72944B011D299F35008CF911 /* Localize.swift in Sources */ = {isa = PBXBuildFile; fileRef = 72944AEC1D299F35008CF911 /* Localize.swift */; };
		72944B021D299F35008CF911 /* Operators.swift in Sources */ = {isa = PBXBuildFile; fileRef = 72944AED1D299F35008CF911 /* Operators.swift */; };
		72944B031D299F35008CF911 /* RelativeDateFormatter.swift in Sources */ = {isa = PBXBuildFile; fileRef = 72944AEE1D299F35008CF911 /* RelativeDateFormatter.swift */; };
		72944B041D299F35008CF911 /* UIColor.swift in Sources */ = {isa = PBXBuildFile; fileRef = 72944AEF1D299F35008CF911 /* UIColor.swift */; };
		72944B051D299F35008CF911 /* CollectionView.swift in Sources */ = {isa = PBXBuildFile; fileRef = 72944AF11D299F35008CF911 /* CollectionView.swift */; };
		72944B061D299F35008CF911 /* CollectionViewCell.swift in Sources */ = {isa = PBXBuildFile; fileRef = 72944AF21D299F35008CF911 /* CollectionViewCell.swift */; };
		72944B071D299F35008CF911 /* ErrorView.swift in Sources */ = {isa = PBXBuildFile; fileRef = 72944AF31D299F35008CF911 /* ErrorView.swift */; };
		72944B081D299F35008CF911 /* View.swift in Sources */ = {isa = PBXBuildFile; fileRef = 72944AF41D299F35008CF911 /* View.swift */; };
		72944B0F1D29A0FC008CF911 /* AirshipConfig.plist in Resources */ = {isa = PBXBuildFile; fileRef = 72944B0B1D29A0FC008CF911 /* AirshipConfig.plist */; };
		72944B111D29A0FC008CF911 /* AtjuConfig.plist in Resources */ = {isa = PBXBuildFile; fileRef = 72944B0D1D29A0FC008CF911 /* AtjuConfig.plist */; };
		72944B131D29A1DB008CF911 /* Config.swift in Sources */ = {isa = PBXBuildFile; fileRef = 72944B121D29A1DB008CF911 /* Config.swift */; };
		72BE62931D2A42A900AEBE0D /* UAirship.swift in Sources */ = {isa = PBXBuildFile; fileRef = 72BE62921D2A42A900AEBE0D /* UAirship.swift */; };
		72C2B0F01D22949F0061164D /* copy_header_imports.sh in Resources */ = {isa = PBXBuildFile; fileRef = 72C2B0EB1D22949E0061164D /* copy_header_imports.sh */; };
		72C2B0F41D2294CC0061164D /* AirshipKit.framework in Frameworks */ = {isa = PBXBuildFile; fileRef = 72C2B0F31D22949F0061164D /* AirshipKit.framework */; };
		72C2B0F51D2294CC0061164D /* AirshipKit.framework in Embed Frameworks */ = {isa = PBXBuildFile; fileRef = 72C2B0F31D22949F0061164D /* AirshipKit.framework */; settings = {ATTRIBUTES = (CodeSignOnCopy, RemoveHeadersOnCopy, ); }; };
		72C2B1061D2299910061164D /* libz.tbd in Frameworks */ = {isa = PBXBuildFile; fileRef = 72C2B1051D2299910061164D /* libz.tbd */; };
		72C2B1081D2299960061164D /* libsqlite3.tbd in Frameworks */ = {isa = PBXBuildFile; fileRef = 72C2B1071D2299960061164D /* libsqlite3.tbd */; };
		72C6E61D1D1476D700FEDF2C /* Assets.xcassets in Resources */ = {isa = PBXBuildFile; fileRef = 72C6E61C1D1476D700FEDF2C /* Assets.xcassets */; };
		72C6E6201D1476D700FEDF2C /* LaunchScreen.storyboard in Resources */ = {isa = PBXBuildFile; fileRef = 72C6E61E1D1476D700FEDF2C /* LaunchScreen.storyboard */; };
		72E916A61D1488E5002E3043 /* SwiftyJSON.framework in Frameworks */ = {isa = PBXBuildFile; fileRef = 72E916A51D1488E5002E3043 /* SwiftyJSON.framework */; };
/* End PBXBuildFile section */

/* Begin PBXContainerItemProxy section */
		72C2B0F21D22949F0061164D /* PBXContainerItemProxy */ = {
			isa = PBXContainerItemProxy;
			containerPortal = 72C2B0E81D22949E0061164D /* AirshipKit.xcodeproj */;
			proxyType = 2;
			remoteGlobalIDString = 494DD9571B0EB677009C134E;
			remoteInfo = AirshipKit;
		};
		72C2B0F61D2294CC0061164D /* PBXContainerItemProxy */ = {
			isa = PBXContainerItemProxy;
			containerPortal = 72C2B0E81D22949E0061164D /* AirshipKit.xcodeproj */;
			proxyType = 1;
			remoteGlobalIDString = 494DD9561B0EB677009C134E;
			remoteInfo = AirshipKit;
		};
/* End PBXContainerItemProxy section */

/* Begin PBXCopyFilesBuildPhase section */
		72C2B0F81D2294CC0061164D /* Embed Frameworks */ = {
			isa = PBXCopyFilesBuildPhase;
			buildActionMask = 2147483647;
			dstPath = "";
			dstSubfolderSpec = 10;
			files = (
				72C2B0F51D2294CC0061164D /* AirshipKit.framework in Embed Frameworks */,
			);
			name = "Embed Frameworks";
			runOnlyForDeploymentPostprocessing = 0;
		};
/* End PBXCopyFilesBuildPhase section */

/* Begin PBXFileReference section */
		721D11771D15C275001D5ADF /* Base */ = {isa = PBXFileReference; lastKnownFileType = text.plist.strings; name = Base; path = Base.lproj/Localizable.strings; sourceTree = "<group>"; };
		72944ADB1D299F35008CF911 /* AppDelegate.swift */ = {isa = PBXFileReference; fileEncoding = 4; lastKnownFileType = sourcecode.swift; path = AppDelegate.swift; sourceTree = "<group>"; };
		72944ADD1D299F35008CF911 /* NavigationController.swift */ = {isa = PBXFileReference; fileEncoding = 4; lastKnownFileType = sourcecode.swift; path = NavigationController.swift; sourceTree = "<group>"; };
		72944ADE1D299F35008CF911 /* ViewController.swift */ = {isa = PBXFileReference; fileEncoding = 4; lastKnownFileType = sourcecode.swift; path = ViewController.swift; sourceTree = "<group>"; };
		72944AE01D299F35008CF911 /* AtjuClient.swift */ = {isa = PBXFileReference; fileEncoding = 4; lastKnownFileType = sourcecode.swift; path = AtjuClient.swift; sourceTree = "<group>"; };
		72944AE11D299F35008CF911 /* Pollen.swift */ = {isa = PBXFileReference; fileEncoding = 4; lastKnownFileType = sourcecode.swift; path = Pollen.swift; sourceTree = "<group>"; };
		72944AE21D299F35008CF911 /* SettingsStore.swift */ = {isa = PBXFileReference; fileEncoding = 4; lastKnownFileType = sourcecode.swift; path = SettingsStore.swift; sourceTree = "<group>"; };
		72944AE51D299F35008CF911 /* ReadingCollectionViewCell.swift */ = {isa = PBXFileReference; fileEncoding = 4; lastKnownFileType = sourcecode.swift; path = ReadingCollectionViewCell.swift; sourceTree = "<group>"; };
		72944AE61D299F35008CF911 /* ReadingsView.swift */ = {isa = PBXFileReference; fileEncoding = 4; lastKnownFileType = sourcecode.swift; path = ReadingsView.swift; sourceTree = "<group>"; };
		72944AE71D299F35008CF911 /* ReadingsViewController.swift */ = {isa = PBXFileReference; fileEncoding = 4; lastKnownFileType = sourcecode.swift; path = ReadingsViewController.swift; sourceTree = "<group>"; };
		72944AE81D299F35008CF911 /* ReadingsViewModel.swift */ = {isa = PBXFileReference; fileEncoding = 4; lastKnownFileType = sourcecode.swift; path = ReadingsViewModel.swift; sourceTree = "<group>"; };
		72944AEA1D299F35008CF911 /* AutoLayout.swift */ = {isa = PBXFileReference; fileEncoding = 4; lastKnownFileType = sourcecode.swift; path = AutoLayout.swift; sourceTree = "<group>"; };
		72944AEB1D299F35008CF911 /* Date.swift */ = {isa = PBXFileReference; fileEncoding = 4; lastKnownFileType = sourcecode.swift; path = Date.swift; sourceTree = "<group>"; };
		72944AEC1D299F35008CF911 /* Localize.swift */ = {isa = PBXFileReference; fileEncoding = 4; lastKnownFileType = sourcecode.swift; path = Localize.swift; sourceTree = "<group>"; };
		72944AED1D299F35008CF911 /* Operators.swift */ = {isa = PBXFileReference; fileEncoding = 4; lastKnownFileType = sourcecode.swift; path = Operators.swift; sourceTree = "<group>"; };
		72944AEE1D299F35008CF911 /* RelativeDateFormatter.swift */ = {isa = PBXFileReference; fileEncoding = 4; lastKnownFileType = sourcecode.swift; path = RelativeDateFormatter.swift; sourceTree = "<group>"; };
		72944AEF1D299F35008CF911 /* UIColor.swift */ = {isa = PBXFileReference; fileEncoding = 4; lastKnownFileType = sourcecode.swift; path = UIColor.swift; sourceTree = "<group>"; };
		72944AF11D299F35008CF911 /* CollectionView.swift */ = {isa = PBXFileReference; fileEncoding = 4; lastKnownFileType = sourcecode.swift; path = CollectionView.swift; sourceTree = "<group>"; };
		72944AF21D299F35008CF911 /* CollectionViewCell.swift */ = {isa = PBXFileReference; fileEncoding = 4; lastKnownFileType = sourcecode.swift; path = CollectionViewCell.swift; sourceTree = "<group>"; };
		72944AF31D299F35008CF911 /* ErrorView.swift */ = {isa = PBXFileReference; fileEncoding = 4; lastKnownFileType = sourcecode.swift; path = ErrorView.swift; sourceTree = "<group>"; };
		72944AF41D299F35008CF911 /* View.swift */ = {isa = PBXFileReference; fileEncoding = 4; lastKnownFileType = sourcecode.swift; path = View.swift; sourceTree = "<group>"; };
		72944B0B1D29A0FC008CF911 /* AirshipConfig.plist */ = {isa = PBXFileReference; fileEncoding = 4; lastKnownFileType = text.plist.xml; path = AirshipConfig.plist; sourceTree = "<group>"; };
		72944B0D1D29A0FC008CF911 /* AtjuConfig.plist */ = {isa = PBXFileReference; fileEncoding = 4; lastKnownFileType = text.plist.xml; path = AtjuConfig.plist; sourceTree = "<group>"; };
		72944B121D29A1DB008CF911 /* Config.swift */ = {isa = PBXFileReference; fileEncoding = 4; lastKnownFileType = sourcecode.swift; path = Config.swift; sourceTree = "<group>"; };
		72BE62921D2A42A900AEBE0D /* UAirship.swift */ = {isa = PBXFileReference; fileEncoding = 4; lastKnownFileType = sourcecode.swift; path = UAirship.swift; sourceTree = "<group>"; };
		72C2B0E81D22949E0061164D /* AirshipKit.xcodeproj */ = {isa = PBXFileReference; lastKnownFileType = "wrapper.pb-project"; path = AirshipKit.xcodeproj; sourceTree = "<group>"; };
		72C2B0EB1D22949E0061164D /* copy_header_imports.sh */ = {isa = PBXFileReference; fileEncoding = 4; lastKnownFileType = text.script.sh; path = copy_header_imports.sh; sourceTree = "<group>"; };
		72C2B0FB1D2295ED0061164D /* Atju.entitlements */ = {isa = PBXFileReference; lastKnownFileType = text.xml; path = Atju.entitlements; sourceTree = "<group>"; };
		72C2B1051D2299910061164D /* libz.tbd */ = {isa = PBXFileReference; lastKnownFileType = "sourcecode.text-based-dylib-definition"; name = libz.tbd; path = usr/lib/libz.tbd; sourceTree = SDKROOT; };
		72C2B1071D2299960061164D /* libsqlite3.tbd */ = {isa = PBXFileReference; lastKnownFileType = "sourcecode.text-based-dylib-definition"; name = libsqlite3.tbd; path = usr/lib/libsqlite3.tbd; sourceTree = SDKROOT; };
		72C6E6121D1476D700FEDF2C /* Atju.app */ = {isa = PBXFileReference; explicitFileType = wrapper.application; includeInIndex = 0; path = Atju.app; sourceTree = BUILT_PRODUCTS_DIR; };
		72C6E61C1D1476D700FEDF2C /* Assets.xcassets */ = {isa = PBXFileReference; lastKnownFileType = folder.assetcatalog; path = Assets.xcassets; sourceTree = "<group>"; };
		72C6E61F1D1476D700FEDF2C /* Base */ = {isa = PBXFileReference; lastKnownFileType = file.storyboard; name = Base; path = Base.lproj/LaunchScreen.storyboard; sourceTree = "<group>"; };
		72C6E6211D1476D700FEDF2C /* Info.plist */ = {isa = PBXFileReference; lastKnownFileType = text.plist.xml; path = Info.plist; sourceTree = "<group>"; };
		72E916A51D1488E5002E3043 /* SwiftyJSON.framework */ = {isa = PBXFileReference; lastKnownFileType = wrapper.framework; name = SwiftyJSON.framework; path = Carthage/Build/iOS/SwiftyJSON.framework; sourceTree = SOURCE_ROOT; };
/* End PBXFileReference section */

/* Begin PBXFrameworksBuildPhase section */
		72C6E60F1D1476D700FEDF2C /* Frameworks */ = {
			isa = PBXFrameworksBuildPhase;
			buildActionMask = 2147483647;
			files = (
				72C2B1081D2299960061164D /* libsqlite3.tbd in Frameworks */,
				72C2B1061D2299910061164D /* libz.tbd in Frameworks */,
				72E916A61D1488E5002E3043 /* SwiftyJSON.framework in Frameworks */,
				72C2B0F41D2294CC0061164D /* AirshipKit.framework in Frameworks */,
			);
			runOnlyForDeploymentPostprocessing = 0;
		};
/* End PBXFrameworksBuildPhase section */

/* Begin PBXGroup section */
		72944AD91D299F35008CF911 /* Source */ = {
			isa = PBXGroup;
			children = (
				72944ADA1D299F35008CF911 /* Application */,
				72944AE31D299F35008CF911 /* Pages */,
				72944ADF1D299F35008CF911 /* Models */,
				72944ADC1D299F35008CF911 /* Controllers */,
				72944AE91D299F35008CF911 /* Utilities */,
				72944AF01D299F35008CF911 /* Views */,
			);
			path = Source;
			sourceTree = "<group>";
		};
		72944ADA1D299F35008CF911 /* Application */ = {
			isa = PBXGroup;
			children = (
				72944ADB1D299F35008CF911 /* AppDelegate.swift */,
			);
			path = Application;
			sourceTree = "<group>";
		};
		72944ADC1D299F35008CF911 /* Controllers */ = {
			isa = PBXGroup;
			children = (
				72944ADD1D299F35008CF911 /* NavigationController.swift */,
				72944ADE1D299F35008CF911 /* ViewController.swift */,
			);
			path = Controllers;
			sourceTree = "<group>";
		};
		72944ADF1D299F35008CF911 /* Models */ = {
			isa = PBXGroup;
			children = (
				72944AE01D299F35008CF911 /* AtjuClient.swift */,
				72944AE11D299F35008CF911 /* Pollen.swift */,
				72944AE21D299F35008CF911 /* SettingsStore.swift */,
				72944B121D29A1DB008CF911 /* Config.swift */,
			);
			path = Models;
			sourceTree = "<group>";
		};
		72944AE31D299F35008CF911 /* Pages */ = {
			isa = PBXGroup;
			children = (
				72944AE41D299F35008CF911 /* Readings */,
			);
			path = Pages;
			sourceTree = "<group>";
		};
		72944AE41D299F35008CF911 /* Readings */ = {
			isa = PBXGroup;
			children = (
				72944AE51D299F35008CF911 /* ReadingCollectionViewCell.swift */,
				72944AE61D299F35008CF911 /* ReadingsView.swift */,
				72944AE71D299F35008CF911 /* ReadingsViewController.swift */,
				72944AE81D299F35008CF911 /* ReadingsViewModel.swift */,
			);
			path = Readings;
			sourceTree = "<group>";
		};
		72944AE91D299F35008CF911 /* Utilities */ = {
			isa = PBXGroup;
			children = (
				72944AEA1D299F35008CF911 /* AutoLayout.swift */,
				72944AEB1D299F35008CF911 /* Date.swift */,
				72944AEC1D299F35008CF911 /* Localize.swift */,
				72944AED1D299F35008CF911 /* Operators.swift */,
				72944AEE1D299F35008CF911 /* RelativeDateFormatter.swift */,
				72944AEF1D299F35008CF911 /* UIColor.swift */,
				72BE62921D2A42A900AEBE0D /* UAirship.swift */,
			);
			path = Utilities;
			sourceTree = "<group>";
		};
		72944AF01D299F35008CF911 /* Views */ = {
			isa = PBXGroup;
			children = (
				72944AF11D299F35008CF911 /* CollectionView.swift */,
				72944AF21D299F35008CF911 /* CollectionViewCell.swift */,
				72944AF31D299F35008CF911 /* ErrorView.swift */,
				72944AF41D299F35008CF911 /* View.swift */,
			);
			path = Views;
			sourceTree = "<group>";
		};
		72944B091D29A0FC008CF911 /* Config */ = {
			isa = PBXGroup;
			children = (
				72944B0B1D29A0FC008CF911 /* AirshipConfig.plist */,
				72944B0D1D29A0FC008CF911 /* AtjuConfig.plist */,
			);
			path = Config;
			sourceTree = "<group>";
		};
		72C2B0E21D22949E0061164D /* AirshipKit */ = {
			isa = PBXGroup;
			children = (
				72C2B0E81D22949E0061164D /* AirshipKit.xcodeproj */,
				72C2B0EB1D22949E0061164D /* copy_header_imports.sh */,
			);
			name = AirshipKit;
			path = "Frameworks/libUAirship-7/AirshipKit";
			sourceTree = SOURCE_ROOT;
		};
		72C2B0E91D22949E0061164D /* Products */ = {
			isa = PBXGroup;
			children = (
				72C2B0F31D22949F0061164D /* AirshipKit.framework */,
			);
			name = Products;
			sourceTree = "<group>";
		};
		72C6E6091D1476D700FEDF2C = {
			isa = PBXGroup;
			children = (
				72C6E6141D1476D700FEDF2C /* Atju */,
				72E916A01D147F54002E3043 /* Frameworks */,
				72C6E6131D1476D700FEDF2C /* Products */,
			);
			sourceTree = "<group>";
		};
		72C6E6131D1476D700FEDF2C /* Products */ = {
			isa = PBXGroup;
			children = (
				72C6E6121D1476D700FEDF2C /* Atju.app */,
			);
			name = Products;
			sourceTree = "<group>";
		};
		72C6E6141D1476D700FEDF2C /* Atju */ = {
			isa = PBXGroup;
			children = (
				72C6E61C1D1476D700FEDF2C /* Assets.xcassets */,
				72944B091D29A0FC008CF911 /* Config */,
				72944AD91D299F35008CF911 /* Source */,
				72C6E6281D1476F900FEDF2C /* User interface */,
				72C6E62A1D14770E00FEDF2C /* Supporting files */,
			);
			path = Atju;
			sourceTree = "<group>";
		};
		72C6E6281D1476F900FEDF2C /* User interface */ = {
			isa = PBXGroup;
			children = (
				72C6E61E1D1476D700FEDF2C /* LaunchScreen.storyboard */,
			);
			name = "User interface";
			sourceTree = "<group>";
		};
		72C6E62A1D14770E00FEDF2C /* Supporting files */ = {
			isa = PBXGroup;
			children = (
				72C2B0FB1D2295ED0061164D /* Atju.entitlements */,
				72C6E6211D1476D700FEDF2C /* Info.plist */,
				728F879D1D15BF1000D1C888 /* Localizable.strings */,
			);
			name = "Supporting files";
			sourceTree = "<group>";
		};
		72E916A01D147F54002E3043 /* Frameworks */ = {
			isa = PBXGroup;
			children = (
				72C2B1071D2299960061164D /* libsqlite3.tbd */,
				72C2B1051D2299910061164D /* libz.tbd */,
				72C2B0E21D22949E0061164D /* AirshipKit */,
				72E916A51D1488E5002E3043 /* SwiftyJSON.framework */,
			);
			name = Frameworks;
			path = Atju;
			sourceTree = "<group>";
		};
/* End PBXGroup section */

/* Begin PBXNativeTarget section */
		72C6E6111D1476D700FEDF2C /* Atju */ = {
			isa = PBXNativeTarget;
			buildConfigurationList = 72C6E6241D1476D700FEDF2C /* Build configuration list for PBXNativeTarget "Atju" */;
			buildPhases = (
				72C6E60E1D1476D700FEDF2C /* Sources */,
				72C6E60F1D1476D700FEDF2C /* Frameworks */,
				72C6E6101D1476D700FEDF2C /* Resources */,
				72E9169F1D147F30002E3043 /* Carthage */,
				72C2B0F81D2294CC0061164D /* Embed Frameworks */,
			);
			buildRules = (
			);
			dependencies = (
				72C2B0F71D2294CC0061164D /* PBXTargetDependency */,
			);
			name = Atju;
			productName = Atju;
			productReference = 72C6E6121D1476D700FEDF2C /* Atju.app */;
			productType = "com.apple.product-type.application";
		};
/* End PBXNativeTarget section */

/* Begin PBXProject section */
		72C6E60A1D1476D700FEDF2C /* Project object */ = {
			isa = PBXProject;
			attributes = {
				LastSwiftUpdateCheck = 0730;
				LastUpgradeCheck = 0800;
				ORGANIZATIONNAME = SimonBS;
				TargetAttributes = {
					72C6E6111D1476D700FEDF2C = {
						CreatedOnToolsVersion = 7.3;
						DevelopmentTeam = 8NQFWJHC63;
						DevelopmentTeamName = "Simon Stovring";
						LastSwiftMigration = 0800;
						SystemCapabilities = {
							com.apple.Push = {
								enabled = 1;
							};
						};
					};
				};
			};
			buildConfigurationList = 72C6E60D1D1476D700FEDF2C /* Build configuration list for PBXProject "Atju" */;
			compatibilityVersion = "Xcode 3.2";
			developmentRegion = Danish;
			hasScannedForEncodings = 0;
			knownRegions = (
				Base,
				da,
			);
			mainGroup = 72C6E6091D1476D700FEDF2C;
			productRefGroup = 72C6E6131D1476D700FEDF2C /* Products */;
			projectDirPath = "";
			projectReferences = (
				{
					ProductGroup = 72C2B0E91D22949E0061164D /* Products */;
					ProjectRef = 72C2B0E81D22949E0061164D /* AirshipKit.xcodeproj */;
				},
			);
			projectRoot = "";
			targets = (
				72C6E6111D1476D700FEDF2C /* Atju */,
			);
		};
/* End PBXProject section */

/* Begin PBXReferenceProxy section */
		72C2B0F31D22949F0061164D /* AirshipKit.framework */ = {
			isa = PBXReferenceProxy;
			fileType = wrapper.framework;
			path = AirshipKit.framework;
			remoteRef = 72C2B0F21D22949F0061164D /* PBXContainerItemProxy */;
			sourceTree = BUILT_PRODUCTS_DIR;
		};
/* End PBXReferenceProxy section */

/* Begin PBXResourcesBuildPhase section */
		72C6E6101D1476D700FEDF2C /* Resources */ = {
			isa = PBXResourcesBuildPhase;
			buildActionMask = 2147483647;
			files = (
				72C6E6201D1476D700FEDF2C /* LaunchScreen.storyboard in Resources */,
				728F879B1D15BF1000D1C888 /* Localizable.strings in Resources */,
				72C6E61D1D1476D700FEDF2C /* Assets.xcassets in Resources */,
				72944B0F1D29A0FC008CF911 /* AirshipConfig.plist in Resources */,
				72944B111D29A0FC008CF911 /* AtjuConfig.plist in Resources */,
				72C2B0F01D22949F0061164D /* copy_header_imports.sh in Resources */,
			);
			runOnlyForDeploymentPostprocessing = 0;
		};
/* End PBXResourcesBuildPhase section */

/* Begin PBXShellScriptBuildPhase section */
		72E9169F1D147F30002E3043 /* Carthage */ = {
			isa = PBXShellScriptBuildPhase;
			buildActionMask = 2147483647;
			files = (
			);
			inputPaths = (
				"$(SRCROOT)/Carthage/Build/iOS/SwiftyJSON.framework",
			);
			name = Carthage;
			outputPaths = (
			);
			runOnlyForDeploymentPostprocessing = 0;
			shellPath = /bin/sh;
			shellScript = "/usr/local/bin/carthage copy-frameworks";
		};
/* End PBXShellScriptBuildPhase section */

/* Begin PBXSourcesBuildPhase section */
		72C6E60E1D1476D700FEDF2C /* Sources */ = {
			isa = PBXSourcesBuildPhase;
			buildActionMask = 2147483647;
			files = (
				72BE62931D2A42A900AEBE0D /* UAirship.swift in Sources */,
				72944AF71D299F35008CF911 /* ViewController.swift in Sources */,
				72944AF51D299F35008CF911 /* AppDelegate.swift in Sources */,
				72944B071D299F35008CF911 /* ErrorView.swift in Sources */,
				72944B061D299F35008CF911 /* CollectionViewCell.swift in Sources */,
				72944AFD1D299F35008CF911 /* ReadingsViewController.swift in Sources */,
				72944AF81D299F35008CF911 /* AtjuClient.swift in Sources */,
				72944AF61D299F35008CF911 /* NavigationController.swift in Sources */,
				72944B041D299F35008CF911 /* UIColor.swift in Sources */,
				72944B011D299F35008CF911 /* Localize.swift in Sources */,
				72944AFB1D299F35008CF911 /* ReadingCollectionViewCell.swift in Sources */,
				72944B031D299F35008CF911 /* RelativeDateFormatter.swift in Sources */,
				72944B051D299F35008CF911 /* CollectionView.swift in Sources */,
				72944B081D299F35008CF911 /* View.swift in Sources */,
				72944AFC1D299F35008CF911 /* ReadingsView.swift in Sources */,
				72944B001D299F35008CF911 /* Date.swift in Sources */,
				72944B021D299F35008CF911 /* Operators.swift in Sources */,
				72944AFF1D299F35008CF911 /* AutoLayout.swift in Sources */,
				72944B131D29A1DB008CF911 /* Config.swift in Sources */,
				72944AFA1D299F35008CF911 /* SettingsStore.swift in Sources */,
				72944AF91D299F35008CF911 /* Pollen.swift in Sources */,
				72944AFE1D299F35008CF911 /* ReadingsViewModel.swift in Sources */,
			);
			runOnlyForDeploymentPostprocessing = 0;
		};
/* End PBXSourcesBuildPhase section */

/* Begin PBXTargetDependency section */
		72C2B0F71D2294CC0061164D /* PBXTargetDependency */ = {
			isa = PBXTargetDependency;
			name = AirshipKit;
			targetProxy = 72C2B0F61D2294CC0061164D /* PBXContainerItemProxy */;
		};
/* End PBXTargetDependency section */

/* Begin PBXVariantGroup section */
		728F879D1D15BF1000D1C888 /* Localizable.strings */ = {
			isa = PBXVariantGroup;
			children = (
				721D11771D15C275001D5ADF /* Base */,
			);
			name = Localizable.strings;
			sourceTree = "<group>";
		};
		72C6E61E1D1476D700FEDF2C /* LaunchScreen.storyboard */ = {
			isa = PBXVariantGroup;
			children = (
				72C6E61F1D1476D700FEDF2C /* Base */,
			);
			name = LaunchScreen.storyboard;
			sourceTree = "<group>";
		};
/* End PBXVariantGroup section */

/* Begin XCBuildConfiguration section */
		72C6E6221D1476D700FEDF2C /* Debug */ = {
			isa = XCBuildConfiguration;
			buildSettings = {
				ALWAYS_SEARCH_USER_PATHS = NO;
				CLANG_ANALYZER_LOCALIZABILITY_NONLOCALIZED = YES;
				CLANG_ANALYZER_NONNULL = YES;
				CLANG_CXX_LANGUAGE_STANDARD = "gnu++0x";
				CLANG_CXX_LIBRARY = "libc++";
				CLANG_ENABLE_MODULES = YES;
				CLANG_ENABLE_OBJC_ARC = YES;
				CLANG_WARN_BOOL_CONVERSION = YES;
				CLANG_WARN_CONSTANT_CONVERSION = YES;
				CLANG_WARN_DIRECT_OBJC_ISA_USAGE = YES_ERROR;
				CLANG_WARN_EMPTY_BODY = YES;
				CLANG_WARN_ENUM_CONVERSION = YES;
				CLANG_WARN_INT_CONVERSION = YES;
				CLANG_WARN_OBJC_ROOT_CLASS = YES_ERROR;
				CLANG_WARN_UNREACHABLE_CODE = YES;
				CLANG_WARN__DUPLICATE_METHOD_MATCH = YES;
				"CODE_SIGN_IDENTITY[sdk=iphoneos*]" = "iPhone Developer";
				COPY_PHASE_STRIP = NO;
				DEBUG_INFORMATION_FORMAT = dwarf;
				ENABLE_STRICT_OBJC_MSGSEND = YES;
				ENABLE_TESTABILITY = YES;
				GCC_C_LANGUAGE_STANDARD = gnu99;
				GCC_DYNAMIC_NO_PIC = NO;
				GCC_NO_COMMON_BLOCKS = YES;
				GCC_OPTIMIZATION_LEVEL = 0;
				GCC_PREPROCESSOR_DEFINITIONS = (
					"DEBUG=1",
					"$(inherited)",
				);
				GCC_WARN_64_TO_32_BIT_CONVERSION = YES;
				GCC_WARN_ABOUT_RETURN_TYPE = YES_ERROR;
				GCC_WARN_UNDECLARED_SELECTOR = YES;
				GCC_WARN_UNINITIALIZED_AUTOS = YES_AGGRESSIVE;
				GCC_WARN_UNUSED_FUNCTION = YES;
				GCC_WARN_UNUSED_VARIABLE = YES;
				IPHONEOS_DEPLOYMENT_TARGET = 9.3;
				MTL_ENABLE_DEBUG_INFO = YES;
				ONLY_ACTIVE_ARCH = YES;
				SDKROOT = iphoneos;
				SWIFT_OPTIMIZATION_LEVEL = "-Onone";
			};
			name = Debug;
		};
		72C6E6231D1476D700FEDF2C /* Release */ = {
			isa = XCBuildConfiguration;
			buildSettings = {
				ALWAYS_SEARCH_USER_PATHS = NO;
				CLANG_ANALYZER_LOCALIZABILITY_NONLOCALIZED = YES;
				CLANG_ANALYZER_NONNULL = YES;
				CLANG_CXX_LANGUAGE_STANDARD = "gnu++0x";
				CLANG_CXX_LIBRARY = "libc++";
				CLANG_ENABLE_MODULES = YES;
				CLANG_ENABLE_OBJC_ARC = YES;
				CLANG_WARN_BOOL_CONVERSION = YES;
				CLANG_WARN_CONSTANT_CONVERSION = YES;
				CLANG_WARN_DIRECT_OBJC_ISA_USAGE = YES_ERROR;
				CLANG_WARN_EMPTY_BODY = YES;
				CLANG_WARN_ENUM_CONVERSION = YES;
				CLANG_WARN_INT_CONVERSION = YES;
				CLANG_WARN_OBJC_ROOT_CLASS = YES_ERROR;
				CLANG_WARN_UNREACHABLE_CODE = YES;
				CLANG_WARN__DUPLICATE_METHOD_MATCH = YES;
				"CODE_SIGN_IDENTITY[sdk=iphoneos*]" = "iPhone Developer";
				COPY_PHASE_STRIP = NO;
				DEBUG_INFORMATION_FORMAT = "dwarf-with-dsym";
				ENABLE_NS_ASSERTIONS = NO;
				ENABLE_STRICT_OBJC_MSGSEND = YES;
				GCC_C_LANGUAGE_STANDARD = gnu99;
				GCC_NO_COMMON_BLOCKS = YES;
				GCC_WARN_64_TO_32_BIT_CONVERSION = YES;
				GCC_WARN_ABOUT_RETURN_TYPE = YES_ERROR;
				GCC_WARN_UNDECLARED_SELECTOR = YES;
				GCC_WARN_UNINITIALIZED_AUTOS = YES_AGGRESSIVE;
				GCC_WARN_UNUSED_FUNCTION = YES;
				GCC_WARN_UNUSED_VARIABLE = YES;
				IPHONEOS_DEPLOYMENT_TARGET = 9.3;
				MTL_ENABLE_DEBUG_INFO = NO;
				SDKROOT = iphoneos;
				VALIDATE_PRODUCT = YES;
			};
			name = Release;
		};
		72C6E6251D1476D700FEDF2C /* Debug */ = {
			isa = XCBuildConfiguration;
			buildSettings = {
				ASSETCATALOG_COMPILER_APPICON_NAME = AppIcon;
				CODE_SIGN_ENTITLEMENTS = Atju/Atju.entitlements;
				FRAMEWORK_SEARCH_PATHS = (
					"$(inherited)",
					"$(PROJECT_DIR)/Carthage/Build/iOS",
				);
				INFOPLIST_FILE = Atju/Info.plist;
				LD_RUNPATH_SEARCH_PATHS = "$(inherited) @executable_path/Frameworks";
				LIBRARY_SEARCH_PATHS = (
					"$(inherited)",
					"$(PROJECT_DIR)/Frameworks/libUAirship-7/Airship",
				);
				PRODUCT_BUNDLE_IDENTIFIER = dk.simonbs.Atju.app;
				PRODUCT_NAME = "$(TARGET_NAME)";
				SWIFT_VERSION = 3.0;
			};
			name = Debug;
		};
		72C6E6261D1476D700FEDF2C /* Release */ = {
			isa = XCBuildConfiguration;
			buildSettings = {
				ASSETCATALOG_COMPILER_APPICON_NAME = AppIcon;
				CODE_SIGN_ENTITLEMENTS = Atju/Atju.entitlements;
				FRAMEWORK_SEARCH_PATHS = (
					"$(inherited)",
					"$(PROJECT_DIR)/Carthage/Build/iOS",
				);
				INFOPLIST_FILE = Atju/Info.plist;
				LD_RUNPATH_SEARCH_PATHS = "$(inherited) @executable_path/Frameworks";
				LIBRARY_SEARCH_PATHS = (
					"$(inherited)",
					"$(PROJECT_DIR)/Frameworks/libUAirship-7/Airship",
				);
				PRODUCT_BUNDLE_IDENTIFIER = dk.simonbs.Atju.app;
				PRODUCT_NAME = "$(TARGET_NAME)";
				SWIFT_OPTIMIZATION_LEVEL = "-Owholemodule";
				SWIFT_VERSION = 3.0;
			};
			name = Release;
		};
/* End XCBuildConfiguration section */

/* Begin XCConfigurationList section */
		72C6E60D1D1476D700FEDF2C /* Build configuration list for PBXProject "Atju" */ = {
			isa = XCConfigurationList;
			buildConfigurations = (
				72C6E6221D1476D700FEDF2C /* Debug */,
				72C6E6231D1476D700FEDF2C /* Release */,
			);
			defaultConfigurationIsVisible = 0;
			defaultConfigurationName = Release;
		};
		72C6E6241D1476D700FEDF2C /* Build configuration list for PBXNativeTarget "Atju" */ = {
			isa = XCConfigurationList;
			buildConfigurations = (
				72C6E6251D1476D700FEDF2C /* Debug */,
				72C6E6261D1476D700FEDF2C /* Release */,
			);
			defaultConfigurationIsVisible = 0;
			defaultConfigurationName = Release;
		};
/* End XCConfigurationList section */
	};
	rootObject = 72C6E60A1D1476D700FEDF2C /* Project object */;
}
